// !$*UTF8*$!
{
	archiveVersion = 1;
	classes = {
	};
	objectVersion = 56;
	objects = {

/* Begin PBXBuildFile section */
		A73095172C09ED95009DEAE1 /* AppDelegate.swift in Sources */ = {isa = PBXBuildFile; fileRef = A73095162C09ED95009DEAE1 /* AppDelegate.swift */; };
		A73095192C09ED95009DEAE1 /* SceneDelegate.swift in Sources */ = {isa = PBXBuildFile; fileRef = A73095182C09ED95009DEAE1 /* SceneDelegate.swift */; };
		A730951B2C09ED95009DEAE1 /* ViewController.swift in Sources */ = {isa = PBXBuildFile; fileRef = A730951A2C09ED95009DEAE1 /* ViewController.swift */; };
		A730951E2C09ED95009DEAE1 /* Base in Resources */ = {isa = PBXBuildFile; fileRef = A730951D2C09ED95009DEAE1 /* Base */; };
		A73095202C09ED96009DEAE1 /* Assets.xcassets in Resources */ = {isa = PBXBuildFile; fileRef = A730951F2C09ED96009DEAE1 /* Assets.xcassets */; };
		A73095232C09ED96009DEAE1 /* Base in Resources */ = {isa = PBXBuildFile; fileRef = A73095222C09ED96009DEAE1 /* Base */; };
		A730952E2C09ED96009DEAE1 /* TableViewTests.swift in Sources */ = {isa = PBXBuildFile; fileRef = A730952D2C09ED96009DEAE1 /* TableViewTests.swift */; };
		A73095382C09ED96009DEAE1 /* TableViewUITests.swift in Sources */ = {isa = PBXBuildFile; fileRef = A73095372C09ED96009DEAE1 /* TableViewUITests.swift */; };
		A730953A2C09ED96009DEAE1 /* TableViewUITestsLaunchTests.swift in Sources */ = {isa = PBXBuildFile; fileRef = A73095392C09ED96009DEAE1 /* TableViewUITestsLaunchTests.swift */; };
		A73095472C09F585009DEAE1 /* DataModel.swift in Sources */ = {isa = PBXBuildFile; fileRef = A73095462C09F585009DEAE1 /* DataModel.swift */; };
		A73097812C118B40009DEAE1 /* TextTableViewCell.swift in Sources */ = {isa = PBXBuildFile; fileRef = A73097802C118B40009DEAE1 /* TextTableViewCell.swift */; };
		A73097832C118B54009DEAE1 /* ImageTableViewCell.swift in Sources */ = {isa = PBXBuildFile; fileRef = A73097822C118B54009DEAE1 /* ImageTableViewCell.swift */; };
		A7D406D92C1AA7D7005364A0 /* ImageandTextViewCell.swift in Sources */ = {isa = PBXBuildFile; fileRef = A7D406D82C1AA7D7005364A0 /* ImageandTextViewCell.swift */; };
/* End PBXBuildFile section */

/* Begin PBXContainerItemProxy section */
		A730952A2C09ED96009DEAE1 /* PBXContainerItemProxy */ = {
			isa = PBXContainerItemProxy;
			containerPortal = A730950B2C09ED95009DEAE1 /* Project object */;
			proxyType = 1;
			remoteGlobalIDString = A73095122C09ED95009DEAE1;
			remoteInfo = TableView;
		};
		A73095342C09ED96009DEAE1 /* PBXContainerItemProxy */ = {
			isa = PBXContainerItemProxy;
			containerPortal = A730950B2C09ED95009DEAE1 /* Project object */;
			proxyType = 1;
			remoteGlobalIDString = A73095122C09ED95009DEAE1;
			remoteInfo = TableView;
		};
/* End PBXContainerItemProxy section */

/* Begin PBXFileReference section */
		A73095132C09ED95009DEAE1 /* TableView.app */ = {isa = PBXFileReference; explicitFileType = wrapper.application; includeInIndex = 0; path = TableView.app; sourceTree = BUILT_PRODUCTS_DIR; };
		A73095162C09ED95009DEAE1 /* AppDelegate.swift */ = {isa = PBXFileReference; lastKnownFileType = sourcecode.swift; path = AppDelegate.swift; sourceTree = "<group>"; };
		A73095182C09ED95009DEAE1 /* SceneDelegate.swift */ = {isa = PBXFileReference; lastKnownFileType = sourcecode.swift; path = SceneDelegate.swift; sourceTree = "<group>"; };
		A730951A2C09ED95009DEAE1 /* ViewController.swift */ = {isa = PBXFileReference; lastKnownFileType = sourcecode.swift; path = ViewController.swift; sourceTree = "<group>"; };
		A730951D2C09ED95009DEAE1 /* Base */ = {isa = PBXFileReference; lastKnownFileType = file.storyboard; name = Base; path = Base.lproj/Main.storyboard; sourceTree = "<group>"; };
		A730951F2C09ED96009DEAE1 /* Assets.xcassets */ = {isa = PBXFileReference; lastKnownFileType = folder.assetcatalog; path = Assets.xcassets; sourceTree = "<group>"; };
		A73095222C09ED96009DEAE1 /* Base */ = {isa = PBXFileReference; lastKnownFileType = file.storyboard; name = Base; path = Base.lproj/LaunchScreen.storyboard; sourceTree = "<group>"; };
		A73095242C09ED96009DEAE1 /* Info.plist */ = {isa = PBXFileReference; lastKnownFileType = text.plist.xml; path = Info.plist; sourceTree = "<group>"; };
		A73095292C09ED96009DEAE1 /* TableViewTests.xctest */ = {isa = PBXFileReference; explicitFileType = wrapper.cfbundle; includeInIndex = 0; path = TableViewTests.xctest; sourceTree = BUILT_PRODUCTS_DIR; };
		A730952D2C09ED96009DEAE1 /* TableViewTests.swift */ = {isa = PBXFileReference; lastKnownFileType = sourcecode.swift; path = TableViewTests.swift; sourceTree = "<group>"; };
		A73095332C09ED96009DEAE1 /* TableViewUITests.xctest */ = {isa = PBXFileReference; explicitFileType = wrapper.cfbundle; includeInIndex = 0; path = TableViewUITests.xctest; sourceTree = BUILT_PRODUCTS_DIR; };
		A73095372C09ED96009DEAE1 /* TableViewUITests.swift */ = {isa = PBXFileReference; lastKnownFileType = sourcecode.swift; path = TableViewUITests.swift; sourceTree = "<group>"; };
		A73095392C09ED96009DEAE1 /* TableViewUITestsLaunchTests.swift */ = {isa = PBXFileReference; lastKnownFileType = sourcecode.swift; path = TableViewUITestsLaunchTests.swift; sourceTree = "<group>"; };
		A73095462C09F585009DEAE1 /* DataModel.swift */ = {isa = PBXFileReference; lastKnownFileType = sourcecode.swift; path = DataModel.swift; sourceTree = "<group>"; };
		A73097802C118B40009DEAE1 /* TextTableViewCell.swift */ = {isa = PBXFileReference; lastKnownFileType = sourcecode.swift; path = TextTableViewCell.swift; sourceTree = "<group>"; };
		A73097822C118B54009DEAE1 /* ImageTableViewCell.swift */ = {isa = PBXFileReference; lastKnownFileType = sourcecode.swift; path = ImageTableViewCell.swift; sourceTree = "<group>"; };
		A7D406D82C1AA7D7005364A0 /* ImageandTextViewCell.swift */ = {isa = PBXFileReference; lastKnownFileType = sourcecode.swift; path = ImageandTextViewCell.swift; sourceTree = "<group>"; };
/* End PBXFileReference section */

/* Begin PBXFrameworksBuildPhase section */
		A73095102C09ED95009DEAE1 /* Frameworks */ = {
			isa = PBXFrameworksBuildPhase;
			buildActionMask = 2147483647;
			files = (
			);
			runOnlyForDeploymentPostprocessing = 0;
		};
		A73095262C09ED96009DEAE1 /* Frameworks */ = {
			isa = PBXFrameworksBuildPhase;
			buildActionMask = 2147483647;
			files = (
			);
			runOnlyForDeploymentPostprocessing = 0;
		};
		A73095302C09ED96009DEAE1 /* Frameworks */ = {
			isa = PBXFrameworksBuildPhase;
			buildActionMask = 2147483647;
			files = (
			);
			runOnlyForDeploymentPostprocessing = 0;
		};
/* End PBXFrameworksBuildPhase section */

/* Begin PBXGroup section */
		A730950A2C09ED95009DEAE1 = {
			isa = PBXGroup;
			children = (
				A73095152C09ED95009DEAE1 /* TableView */,
				A730952C2C09ED96009DEAE1 /* TableViewTests */,
				A73095362C09ED96009DEAE1 /* TableViewUITests */,
				A73095142C09ED95009DEAE1 /* Products */,
			);
			sourceTree = "<group>";
		};
		A73095142C09ED95009DEAE1 /* Products */ = {
			isa = PBXGroup;
			children = (
				A73095132C09ED95009DEAE1 /* TableView.app */,
				A73095292C09ED96009DEAE1 /* TableViewTests.xctest */,
				A73095332C09ED96009DEAE1 /* TableViewUITests.xctest */,
			);
			name = Products;
			sourceTree = "<group>";
		};
		A73095152C09ED95009DEAE1 /* TableView */ = {
			isa = PBXGroup;
			children = (
				A73095162C09ED95009DEAE1 /* AppDelegate.swift */,
				A73095182C09ED95009DEAE1 /* SceneDelegate.swift */,
				A730951A2C09ED95009DEAE1 /* ViewController.swift */,
				A73095462C09F585009DEAE1 /* DataModel.swift */,
				A7D406D82C1AA7D7005364A0 /* ImageandTextViewCell.swift */,
				A73097802C118B40009DEAE1 /* TextTableViewCell.swift */,
				A73097822C118B54009DEAE1 /* ImageTableViewCell.swift */,
				A730951C2C09ED95009DEAE1 /* Main.storyboard */,
				A730951F2C09ED96009DEAE1 /* Assets.xcassets */,
				A73095212C09ED96009DEAE1 /* LaunchScreen.storyboard */,
				A73095242C09ED96009DEAE1 /* Info.plist */,
			);
			path = TableView;
			sourceTree = "<group>";
		};
		A730952C2C09ED96009DEAE1 /* TableViewTests */ = {
			isa = PBXGroup;
			children = (
				A730952D2C09ED96009DEAE1 /* TableViewTests.swift */,
			);
			path = TableViewTests;
			sourceTree = "<group>";
		};
		A73095362C09ED96009DEAE1 /* TableViewUITests */ = {
			isa = PBXGroup;
			children = (
				A73095372C09ED96009DEAE1 /* TableViewUITests.swift */,
				A73095392C09ED96009DEAE1 /* TableViewUITestsLaunchTests.swift */,
			);
			path = TableViewUITests;
			sourceTree = "<group>";
		};
/* End PBXGroup section */

/* Begin PBXNativeTarget section */
		A73095122C09ED95009DEAE1 /* TableView */ = {
			isa = PBXNativeTarget;
			buildConfigurationList = A730953D2C09ED96009DEAE1 /* Build configuration list for PBXNativeTarget "TableView" */;
			buildPhases = (
				A730950F2C09ED95009DEAE1 /* Sources */,
				A73095102C09ED95009DEAE1 /* Frameworks */,
				A73095112C09ED95009DEAE1 /* Resources */,
			);
			buildRules = (
			);
			dependencies = (
			);
			name = TableView;
			productName = TableView;
			productReference = A73095132C09ED95009DEAE1 /* TableView.app */;
			productType = "com.apple.product-type.application";
		};
		A73095282C09ED96009DEAE1 /* TableViewTests */ = {
			isa = PBXNativeTarget;
			buildConfigurationList = A73095402C09ED96009DEAE1 /* Build configuration list for PBXNativeTarget "TableViewTests" */;
			buildPhases = (
				A73095252C09ED96009DEAE1 /* Sources */,
				A73095262C09ED96009DEAE1 /* Frameworks */,
				A73095272C09ED96009DEAE1 /* Resources */,
			);
			buildRules = (
			);
			dependencies = (
				A730952B2C09ED96009DEAE1 /* PBXTargetDependency */,
			);
			name = TableViewTests;
			productName = TableViewTests;
			productReference = A73095292C09ED96009DEAE1 /* TableViewTests.xctest */;
			productType = "com.apple.product-type.bundle.unit-test";
		};
		A73095322C09ED96009DEAE1 /* TableViewUITests */ = {
			isa = PBXNativeTarget;
			buildConfigurationList = A73095432C09ED96009DEAE1 /* Build configuration list for PBXNativeTarget "TableViewUITests" */;
			buildPhases = (
				A730952F2C09ED96009DEAE1 /* Sources */,
				A73095302C09ED96009DEAE1 /* Frameworks */,
				A73095312C09ED96009DEAE1 /* Resources */,
			);
			buildRules = (
			);
			dependencies = (
				A73095352C09ED96009DEAE1 /* PBXTargetDependency */,
			);
			name = TableViewUITests;
			productName = TableViewUITests;
			productReference = A73095332C09ED96009DEAE1 /* TableViewUITests.xctest */;
			productType = "com.apple.product-type.bundle.ui-testing";
		};
/* End PBXNativeTarget section */

/* Begin PBXProject section */
		A730950B2C09ED95009DEAE1 /* Project object */ = {
			isa = PBXProject;
			attributes = {
				BuildIndependentTargetsInParallel = 1;
				LastSwiftUpdateCheck = 1540;
				LastUpgradeCheck = 1540;
				TargetAttributes = {
					A73095122C09ED95009DEAE1 = {
						CreatedOnToolsVersion = 15.4;
					};
					A73095282C09ED96009DEAE1 = {
						CreatedOnToolsVersion = 15.4;
						TestTargetID = A73095122C09ED95009DEAE1;
					};
					A73095322C09ED96009DEAE1 = {
						CreatedOnToolsVersion = 15.4;
						TestTargetID = A73095122C09ED95009DEAE1;
					};
				};
			};
			buildConfigurationList = A730950E2C09ED95009DEAE1 /* Build configuration list for PBXProject "TableView" */;
			compatibilityVersion = "Xcode 14.0";
			developmentRegion = en;
			hasScannedForEncodings = 0;
			knownRegions = (
				en,
				Base,
			);
			mainGroup = A730950A2C09ED95009DEAE1;
			productRefGroup = A73095142C09ED95009DEAE1 /* Products */;
			projectDirPath = "";
			projectRoot = "";
			targets = (
				A73095122C09ED95009DEAE1 /* TableView */,
				A73095282C09ED96009DEAE1 /* TableViewTests */,
				A73095322C09ED96009DEAE1 /* TableViewUITests */,
			);
		};
/* End PBXProject section */

/* Begin PBXResourcesBuildPhase section */
		A73095112C09ED95009DEAE1 /* Resources */ = {
			isa = PBXResourcesBuildPhase;
			buildActionMask = 2147483647;
			files = (
				A73095202C09ED96009DEAE1 /* Assets.xcassets in Resources */,
				A73095232C09ED96009DEAE1 /* Base in Resources */,
				A730951E2C09ED95009DEAE1 /* Base in Resources */,
			);
			runOnlyForDeploymentPostprocessing = 0;
		};
		A73095272C09ED96009DEAE1 /* Resources */ = {
			isa = PBXResourcesBuildPhase;
			buildActionMask = 2147483647;
			files = (
			);
			runOnlyForDeploymentPostprocessing = 0;
		};
		A73095312C09ED96009DEAE1 /* Resources */ = {
			isa = PBXResourcesBuildPhase;
			buildActionMask = 2147483647;
			files = (
			);
			runOnlyForDeploymentPostprocessing = 0;
		};
/* End PBXResourcesBuildPhase section */

/* Begin PBXSourcesBuildPhase section */
		A730950F2C09ED95009DEAE1 /* Sources */ = {
			isa = PBXSourcesBuildPhase;
			buildActionMask = 2147483647;
			files = (
				A730951B2C09ED95009DEAE1 /* ViewController.swift in Sources */,
				A73095472C09F585009DEAE1 /* DataModel.swift in Sources */,
				A73095172C09ED95009DEAE1 /* AppDelegate.swift in Sources */,
				A7D406D92C1AA7D7005364A0 /* ImageandTextViewCell.swift in Sources */,
				A73097832C118B54009DEAE1 /* ImageTableViewCell.swift in Sources */,
				A73095192C09ED95009DEAE1 /* SceneDelegate.swift in Sources */,
				A73097812C118B40009DEAE1 /* TextTableViewCell.swift in Sources */,
			);
			runOnlyForDeploymentPostprocessing = 0;
		};
		A73095252C09ED96009DEAE1 /* Sources */ = {
			isa = PBXSourcesBuildPhase;
			buildActionMask = 2147483647;
			files = (
				A730952E2C09ED96009DEAE1 /* TableViewTests.swift in Sources */,
			);
			runOnlyForDeploymentPostprocessing = 0;
		};
		A730952F2C09ED96009DEAE1 /* Sources */ = {
			isa = PBXSourcesBuildPhase;
			buildActionMask = 2147483647;
			files = (
				A730953A2C09ED96009DEAE1 /* TableViewUITestsLaunchTests.swift in Sources */,
				A73095382C09ED96009DEAE1 /* TableViewUITests.swift in Sources */,
			);
			runOnlyForDeploymentPostprocessing = 0;
		};
/* End PBXSourcesBuildPhase section */

/* Begin PBXTargetDependency section */
		A730952B2C09ED96009DEAE1 /* PBXTargetDependency */ = {
			isa = PBXTargetDependency;
			target = A73095122C09ED95009DEAE1 /* TableView */;
			targetProxy = A730952A2C09ED96009DEAE1 /* PBXContainerItemProxy */;
		};
		A73095352C09ED96009DEAE1 /* PBXTargetDependency */ = {
			isa = PBXTargetDependency;
			target = A73095122C09ED95009DEAE1 /* TableView */;
			targetProxy = A73095342C09ED96009DEAE1 /* PBXContainerItemProxy */;
		};
/* End PBXTargetDependency section */

/* Begin PBXVariantGroup section */
		A730951C2C09ED95009DEAE1 /* Main.storyboard */ = {
			isa = PBXVariantGroup;
			children = (
				A730951D2C09ED95009DEAE1 /* Base */,
			);
			name = Main.storyboard;
			sourceTree = "<group>";
		};
		A73095212C09ED96009DEAE1 /* LaunchScreen.storyboard */ = {
			isa = PBXVariantGroup;
			children = (
				A73095222C09ED96009DEAE1 /* Base */,
			);
			name = LaunchScreen.storyboard;
			sourceTree = "<group>";
		};
/* End PBXVariantGroup section */

/* Begin XCBuildConfiguration section */
		A730953B2C09ED96009DEAE1 /* Debug */ = {
			isa = XCBuildConfiguration;
			buildSettings = {
				ALWAYS_SEARCH_USER_PATHS = NO;
				ASSETCATALOG_COMPILER_GENERATE_SWIFT_ASSET_SYMBOL_EXTENSIONS = YES;
				CLANG_ANALYZER_NONNULL = YES;
				CLANG_ANALYZER_NUMBER_OBJECT_CONVERSION = YES_AGGRESSIVE;
				CLANG_CXX_LANGUAGE_STANDARD = "gnu++20";
				CLANG_ENABLE_MODULES = YES;
				CLANG_ENABLE_OBJC_ARC = YES;
				CLANG_ENABLE_OBJC_WEAK = YES;
				CLANG_WARN_BLOCK_CAPTURE_AUTORELEASING = YES;
				CLANG_WARN_BOOL_CONVERSION = YES;
				CLANG_WARN_COMMA = YES;
				CLANG_WARN_CONSTANT_CONVERSION = YES;
				CLANG_WARN_DEPRECATED_OBJC_IMPLEMENTATIONS = YES;
				CLANG_WARN_DIRECT_OBJC_ISA_USAGE = YES_ERROR;
				CLANG_WARN_DOCUMENTATION_COMMENTS = YES;
				CLANG_WARN_EMPTY_BODY = YES;
				CLANG_WARN_ENUM_CONVERSION = YES;
				CLANG_WARN_INFINITE_RECURSION = YES;
				CLANG_WARN_INT_CONVERSION = YES;
				CLANG_WARN_NON_LITERAL_NULL_CONVERSION = YES;
				CLANG_WARN_OBJC_IMPLICIT_RETAIN_SELF = YES;
				CLANG_WARN_OBJC_LITERAL_CONVERSION = YES;
				CLANG_WARN_OBJC_ROOT_CLASS = YES_ERROR;
				CLANG_WARN_QUOTED_INCLUDE_IN_FRAMEWORK_HEADER = YES;
				CLANG_WARN_RANGE_LOOP_ANALYSIS = YES;
				CLANG_WARN_STRICT_PROTOTYPES = YES;
				CLANG_WARN_SUSPICIOUS_MOVE = YES;
				CLANG_WARN_UNGUARDED_AVAILABILITY = YES_AGGRESSIVE;
				CLANG_WARN_UNREACHABLE_CODE = YES;
				CLANG_WARN__DUPLICATE_METHOD_MATCH = YES;
				COPY_PHASE_STRIP = NO;
				DEBUG_INFORMATION_FORMAT = dwarf;
				ENABLE_STRICT_OBJC_MSGSEND = YES;
				ENABLE_TESTABILITY = YES;
				ENABLE_USER_SCRIPT_SANDBOXING = YES;
				GCC_C_LANGUAGE_STANDARD = gnu17;
				GCC_DYNAMIC_NO_PIC = NO;
				GCC_NO_COMMON_BLOCKS = YES;
				GCC_OPTIMIZATION_LEVEL = 0;
				GCC_PREPROCESSOR_DEFINITIONS = (
					"DEBUG=1",
					"$(inherited)",
				);
				GCC_WARN_64_TO_32_BIT_CONVERSION = YES;
				GCC_WARN_ABOUT_RETURN_TYPE = YES_ERROR;
				GCC_WARN_UNDECLARED_SELECTOR = YES;
				GCC_WARN_UNINITIALIZED_AUTOS = YES_AGGRESSIVE;
				GCC_WARN_UNUSED_FUNCTION = YES;
				GCC_WARN_UNUSED_VARIABLE = YES;
				IPHONEOS_DEPLOYMENT_TARGET = 17.5;
				LOCALIZATION_PREFERS_STRING_CATALOGS = YES;
				MTL_ENABLE_DEBUG_INFO = INCLUDE_SOURCE;
				MTL_FAST_MATH = YES;
				ONLY_ACTIVE_ARCH = YES;
				SDKROOT = iphoneos;
				SWIFT_ACTIVE_COMPILATION_CONDITIONS = "DEBUG $(inherited)";
				SWIFT_OPTIMIZATION_LEVEL = "-Onone";
			};
			name = Debug;
		};
		A730953C2C09ED96009DEAE1 /* Release */ = {
			isa = XCBuildConfiguration;
			buildSettings = {
				ALWAYS_SEARCH_USER_PATHS = NO;
				ASSETCATALOG_COMPILER_GENERATE_SWIFT_ASSET_SYMBOL_EXTENSIONS = YES;
				CLANG_ANALYZER_NONNULL = YES;
				CLANG_ANALYZER_NUMBER_OBJECT_CONVERSION = YES_AGGRESSIVE;
				CLANG_CXX_LANGUAGE_STANDARD = "gnu++20";
				CLANG_ENABLE_MODULES = YES;
				CLANG_ENABLE_OBJC_ARC = YES;
				CLANG_ENABLE_OBJC_WEAK = YES;
				CLANG_WARN_BLOCK_CAPTURE_AUTORELEASING = YES;
				CLANG_WARN_BOOL_CONVERSION = YES;
				CLANG_WARN_COMMA = YES;
				CLANG_WARN_CONSTANT_CONVERSION = YES;
				CLANG_WARN_DEPRECATED_OBJC_IMPLEMENTATIONS = YES;
				CLANG_WARN_DIRECT_OBJC_ISA_USAGE = YES_ERROR;
				CLANG_WARN_DOCUMENTATION_COMMENTS = YES;
				CLANG_WARN_EMPTY_BODY = YES;
				CLANG_WARN_ENUM_CONVERSION = YES;
				CLANG_WARN_INFINITE_RECURSION = YES;
				CLANG_WARN_INT_CONVERSION = YES;
				CLANG_WARN_NON_LITERAL_NULL_CONVERSION = YES;
				CLANG_WARN_OBJC_IMPLICIT_RETAIN_SELF = YES;
				CLANG_WARN_OBJC_LITERAL_CONVERSION = YES;
				CLANG_WARN_OBJC_ROOT_CLASS = YES_ERROR;
				CLANG_WARN_QUOTED_INCLUDE_IN_FRAMEWORK_HEADER = YES;
				CLANG_WARN_RANGE_LOOP_ANALYSIS = YES;
				CLANG_WARN_STRICT_PROTOTYPES = YES;
				CLANG_WARN_SUSPICIOUS_MOVE = YES;
				CLANG_WARN_UNGUARDED_AVAILABILITY = YES_AGGRESSIVE;
				CLANG_WARN_UNREACHABLE_CODE = YES;
				CLANG_WARN__DUPLICATE_METHOD_MATCH = YES;
				COPY_PHASE_STRIP = NO;
				DEBUG_INFORMATION_FORMAT = "dwarf-with-dsym";
				ENABLE_NS_ASSERTIONS = NO;
				ENABLE_STRICT_OBJC_MSGSEND = YES;
				ENABLE_USER_SCRIPT_SANDBOXING = YES;
				GCC_C_LANGUAGE_STANDARD = gnu17;
				GCC_NO_COMMON_BLOCKS = YES;
				GCC_WARN_64_TO_32_BIT_CONVERSION = YES;
				GCC_WARN_ABOUT_RETURN_TYPE = YES_ERROR;
				GCC_WARN_UNDECLARED_SELECTOR = YES;
				GCC_WARN_UNINITIALIZED_AUTOS = YES_AGGRESSIVE;
				GCC_WARN_UNUSED_FUNCTION = YES;
				GCC_WARN_UNUSED_VARIABLE = YES;
				IPHONEOS_DEPLOYMENT_TARGET = 17.5;
				LOCALIZATION_PREFERS_STRING_CATALOGS = YES;
				MTL_ENABLE_DEBUG_INFO = NO;
				MTL_FAST_MATH = YES;
				SDKROOT = iphoneos;
				SWIFT_COMPILATION_MODE = wholemodule;
				VALIDATE_PRODUCT = YES;
			};
			name = Release;
		};
		A730953E2C09ED96009DEAE1 /* Debug */ = {
			isa = XCBuildConfiguration;
			buildSettings = {
				ASSETCATALOG_COMPILER_APPICON_NAME = AppIcon;
				ASSETCATALOG_COMPILER_GLOBAL_ACCENT_COLOR_NAME = AccentColor;
				CODE_SIGN_STYLE = Automatic;
				CURRENT_PROJECT_VERSION = 1;
				DEVELOPMENT_TEAM = AGCK5XB62D;
				GENERATE_INFOPLIST_FILE = YES;
				INFOPLIST_FILE = TableView/Info.plist;
				INFOPLIST_KEY_UIApplicationSupportsIndirectInputEvents = YES;
				INFOPLIST_KEY_UILaunchStoryboardName = LaunchScreen;
				INFOPLIST_KEY_UIMainStoryboardFile = Main;
				INFOPLIST_KEY_UISupportedInterfaceOrientations_iPad = "UIInterfaceOrientationPortrait UIInterfaceOrientationPortraitUpsideDown UIInterfaceOrientationLandscapeLeft UIInterfaceOrientationLandscapeRight";
				INFOPLIST_KEY_UISupportedInterfaceOrientations_iPhone = "UIInterfaceOrientationPortrait UIInterfaceOrientationLandscapeLeft UIInterfaceOrientationLandscapeRight";
				LD_RUNPATH_SEARCH_PATHS = (
					"$(inherited)",
					"@executable_path/Frameworks",
				);
				MARKETING_VERSION = 1.0;
				PRODUCT_BUNDLE_IDENTIFIER = arya.TableView;
				PRODUCT_NAME = "$(TARGET_NAME)";
				SWIFT_EMIT_LOC_STRINGS = YES;
				SWIFT_VERSION = 5.0;
				TARGETED_DEVICE_FAMILY = "1,2";
			};
			name = Debug;
		};
		A730953F2C09ED96009DEAE1 /* Release */ = {
			isa = XCBuildConfiguration;
			buildSettings = {
				ASSETCATALOG_COMPILER_APPICON_NAME = AppIcon;
				ASSETCATALOG_COMPILER_GLOBAL_ACCENT_COLOR_NAME = AccentColor;
				CODE_SIGN_STYLE = Automatic;
				CURRENT_PROJECT_VERSION = 1;
				DEVELOPMENT_TEAM = AGCK5XB62D;
				GENERATE_INFOPLIST_FILE = YES;
				INFOPLIST_FILE = TableView/Info.plist;
				INFOPLIST_KEY_UIApplicationSupportsIndirectInputEvents = YES;
				INFOPLIST_KEY_UILaunchStoryboardName = LaunchScreen;
				INFOPLIST_KEY_UIMainStoryboardFile = Main;
				INFOPLIST_KEY_UISupportedInterfaceOrientations_iPad = "UIInterfaceOrientationPortrait UIInterfaceOrientationPortraitUpsideDown UIInterfaceOrientationLandscapeLeft UIInterfaceOrientationLandscapeRight";
				INFOPLIST_KEY_UISupportedInterfaceOrientations_iPhone = "UIInterfaceOrientationPortrait UIInterfaceOrientationLandscapeLeft UIInterfaceOrientationLandscapeRight";
				LD_RUNPATH_SEARCH_PATHS = (
					"$(inherited)",
					"@executable_path/Frameworks",
				);
				MARKETING_VERSION = 1.0;
				PRODUCT_BUNDLE_IDENTIFIER = arya.TableView;
				PRODUCT_NAME = "$(TARGET_NAME)";
				SWIFT_EMIT_LOC_STRINGS = YES;
				SWIFT_VERSION = 5.0;
				TARGETED_DEVICE_FAMILY = "1,2";
			};
			name = Release;
		};
		A73095412C09ED96009DEAE1 /* Debug */ = {
			isa = XCBuildConfiguration;
			buildSettings = {
				ALWAYS_EMBED_SWIFT_STANDARD_LIBRARIES = YES;
				BUNDLE_LOADER = "$(TEST_HOST)";
				CODE_SIGN_STYLE = Automatic;
				CURRENT_PROJECT_VERSION = 1;
				DEVELOPMENT_TEAM = AGCK5XB62D;
				GENERATE_INFOPLIST_FILE = YES;
				IPHONEOS_DEPLOYMENT_TARGET = 17.5;
				MARKETING_VERSION = 1.0;
				PRODUCT_BUNDLE_IDENTIFIER = arya.TableViewTests;
				PRODUCT_NAME = "$(TARGET_NAME)";
				SWIFT_EMIT_LOC_STRINGS = NO;
				SWIFT_VERSION = 5.0;
				TARGETED_DEVICE_FAMILY = "1,2";
				TEST_HOST = "$(BUILT_PRODUCTS_DIR)/TableView.app/$(BUNDLE_EXECUTABLE_FOLDER_PATH)/TableView";
			};
			name = Debug;
		};
		A73095422C09ED96009DEAE1 /* Release */ = {
			isa = XCBuildConfiguration;
			buildSettings = {
				ALWAYS_EMBED_SWIFT_STANDARD_LIBRARIES = YES;
				BUNDLE_LOADER = "$(TEST_HOST)";
				CODE_SIGN_STYLE = Automatic;
				CURRENT_PROJECT_VERSION = 1;
				DEVELOPMENT_TEAM = AGCK5XB62D;
				GENERATE_INFOPLIST_FILE = YES;
				IPHONEOS_DEPLOYMENT_TARGET = 17.5;
				MARKETING_VERSION = 1.0;
				PRODUCT_BUNDLE_IDENTIFIER = arya.TableViewTests;
				PRODUCT_NAME = "$(TARGET_NAME)";
				SWIFT_EMIT_LOC_STRINGS = NO;
				SWIFT_VERSION = 5.0;
				TARGETED_DEVICE_FAMILY = "1,2";
				TEST_HOST = "$(BUILT_PRODUCTS_DIR)/TableView.app/$(BUNDLE_EXECUTABLE_FOLDER_PATH)/TableView";
			};
			name = Release;
		};
		A73095442C09ED96009DEAE1 /* Debug */ = {
			isa = XCBuildConfiguration;
			buildSettings = {
				ALWAYS_EMBED_SWIFT_STANDARD_LIBRARIES = YES;
				CODE_SIGN_STYLE = Automatic;
				CURRENT_PROJECT_VERSION = 1;
				DEVELOPMENT_TEAM = AGCK5XB62D;
				GENERATE_INFOPLIST_FILE = YES;
				MARKETING_VERSION = 1.0;
				PRODUCT_BUNDLE_IDENTIFIER = arya.TableViewUITests;
				PRODUCT_NAME = "$(TARGET_NAME)";
				SWIFT_EMIT_LOC_STRINGS = NO;
				SWIFT_VERSION = 5.0;
				TARGETED_DEVICE_FAMILY = "1,2";
				TEST_TARGET_NAME = TableView;
			};
			name = Debug;
		};
		A73095452C09ED96009DEAE1 /* Release */ = {
			isa = XCBuildConfiguration;
			buildSettings = {
				ALWAYS_EMBED_SWIFT_STANDARD_LIBRARIES = YES;
				CODE_SIGN_STYLE = Automatic;
				CURRENT_PROJECT_VERSION = 1;
				DEVELOPMENT_TEAM = AGCK5XB62D;
				GENERATE_INFOPLIST_FILE = YES;
				MARKETING_VERSION = 1.0;
				PRODUCT_BUNDLE_IDENTIFIER = arya.TableViewUITests;
				PRODUCT_NAME = "$(TARGET_NAME)";
				SWIFT_EMIT_LOC_STRINGS = NO;
				SWIFT_VERSION = 5.0;
				TARGETED_DEVICE_FAMILY = "1,2";
				TEST_TARGET_NAME = TableView;
			};
			name = Release;
		};
/* End XCBuildConfiguration section */

/* Begin XCConfigurationList section */
		A730950E2C09ED95009DEAE1 /* Build configuration list for PBXProject "TableView" */ = {
			isa = XCConfigurationList;
			buildConfigurations = (
				A730953B2C09ED96009DEAE1 /* Debug */,
				A730953C2C09ED96009DEAE1 /* Release */,
			);
			defaultConfigurationIsVisible = 0;
			defaultConfigurationName = Release;
		};
		A730953D2C09ED96009DEAE1 /* Build configuration list for PBXNativeTarget "TableView" */ = {
			isa = XCConfigurationList;
			buildConfigurations = (
				A730953E2C09ED96009DEAE1 /* Debug */,
				A730953F2C09ED96009DEAE1 /* Release */,
			);
			defaultConfigurationIsVisible = 0;
			defaultConfigurationName = Release;
		};
		A73095402C09ED96009DEAE1 /* Build configuration list for PBXNativeTarget "TableViewTests" */ = {
			isa = XCConfigurationList;
			buildConfigurations = (
				A73095412C09ED96009DEAE1 /* Debug */,
				A73095422C09ED96009DEAE1 /* Release */,
			);
			defaultConfigurationIsVisible = 0;
			defaultConfigurationName = Release;
		};
		A73095432C09ED96009DEAE1 /* Build configuration list for PBXNativeTarget "TableViewUITests" */ = {
			isa = XCConfigurationList;
			buildConfigurations = (
				A73095442C09ED96009DEAE1 /* Debug */,
				A73095452C09ED96009DEAE1 /* Release */,
			);
			defaultConfigurationIsVisible = 0;
			defaultConfigurationName = Release;
		};
/* End XCConfigurationList section */
	};
	rootObject = A730950B2C09ED95009DEAE1 /* Project object */;
}
